
Microsoft Visual Studio Solution File, Format Version 12.00
# Visual Studio Version 16
VisualStudioVersion = 16.0.30413.136
MinimumVisualStudioVersion = 10.0.40219.1
Project("{FAE04EC0-301F-11D3-BF4B-00C04F79EFBC}") = "TravelProject", "TravelProject\TravelProject.csproj", "{8E5E82BC-C9E0-4ADD-9C8E-60EE5E87EBE1}"
EndProject
Global
	GlobalSection(SolutionConfigurationPlatforms) = preSolution
		Debug|Any CPU = Debug|Any CPU
		Release|Any CPU = Release|Any CPU
	EndGlobalSection
	GlobalSection(ProjectConfigurationPlatforms) = postSolution
		{8E5E82BC-C9E0-4ADD-9C8E-60EE5E87EBE1}.Debug|Any CPU.ActiveCfg = Debug|Any CPU
		{8E5E82BC-C9E0-4ADD-9C8E-60EE5E87EBE1}.Debug|Any CPU.Build.0 = Debug|Any CPU
		{8E5E82BC-C9E0-4ADD-9C8E-60EE5E87EBE1}.Release|Any CPU.ActiveCfg = Release|Any CPU
		{8E5E82BC-C9E0-4ADD-9C8E-60EE5E87EBE1}.Release|Any CPU.Build.0 = Release|Any CPU
	EndGlobalSection
	GlobalSection(SolutionProperties) = preSolution
		HideSolutionNode = FALSE
	EndGlobalSection
	GlobalSection(ExtensibilityGlobals) = postSolution
		SolutionGuid = {D126822F-E5A0-467C-BEA5-3021E3F901EE}
	EndGlobalSection
EndGlobal
